
Microsoft Visual Studio Solution File, Format Version 12.00
Project("{2150E333-8FDC-42A3-9474-1A3956D46DE8}") = "Catalog", "Catalog", "{3D513D51-48AF-46AA-91B1-208590AE84BD}"
EndProject
Project("{FAE04EC0-301F-11D3-BF4B-00C04F79EFBC}") = "Catalog_BLL", "Catalog_BLL\Catalog_BLL.csproj", "{31396851-84D2-499F-8D8B-FC1AF621F08F}"
EndProject
Project("{FAE04EC0-301F-11D3-BF4B-00C04F79EFBC}") = "Catalog_DAL", "Catalog_DAL\Catalog_DAL.csproj", "{4635489B-FCBF-45C6-8747-DD883B4A5F95}"
EndProject
Project("{FAE04EC0-301F-11D3-BF4B-00C04F79EFBC}") = "Catalog_WebApi", "Catalog_WebApi\Catalog_WebApi.csproj", "{12C60FFF-61B8-4008-9D2B-8D6034A17154}"
EndProject
Project("{FAE04EC0-301F-11D3-BF4B-00C04F79EFBC}") = "Online", "..\Online\Online\Online.csproj", "{2EC2BD05-F995-422C-9513-936CB2581875}"
EndProject
Project("{2150E333-8FDC-42A3-9474-1A3956D46DE8}") = "Order", "Order", "{30786DDB-B6B5-4FE0-B2B7-E704C99A71FD}"
EndProject
Project("{FAE04EC0-301F-11D3-BF4B-00C04F79EFBC}") = "Domain", "..\..\Downloads\BigFood-master\Domain\Domain.csproj", "{CA154B7C-1D61-4475-A806-2FC0011290D9}"
EndProject
Project("{FAE04EC0-301F-11D3-BF4B-00C04F79EFBC}") = "Orders_WebApi", "..\..\Downloads\BigFood-master\Orders_WebApi\Orders_WebApi.csproj", "{AA1CADBB-9ED1-4408-8CBF-028B25136877}"
EndProject
Project("{FAE04EC0-301F-11D3-BF4B-00C04F79EFBC}") = "Infrastructure", "..\..\Downloads\BigFood-master\Infrastructure\Infrastructure.csproj", "{2A2F18D8-892B-4499-9E47-A92214B51EDA}"
EndProject
Project("{FAE04EC0-301F-11D3-BF4B-00C04F79EFBC}") = "Application", "..\..\Downloads\BigFood-master\Application\Application.csproj", "{05480E4C-81A3-4458-910B-57AC04647459}"
EndProject
Project("{FAE04EC0-301F-11D3-BF4B-00C04F79EFBC}") = "Aggregator", "..\..\Downloads\BigFood-master\Aggregator\Aggregator.csproj", "{8AD7D3B9-17C9-42E9-8E0F-7272410AF40D}"
EndProject
Project("{FAE04EC0-301F-11D3-BF4B-00C04F79EFBC}") = "ApiGateway", "..\..\Downloads\BigFood-master\ApiGateway\ApiGateway.csproj", "{6E6AA55E-B0B1-471E-80B5-0A583A445478}"
EndProject
Global
	GlobalSection(SolutionConfigurationPlatforms) = preSolution
		Debug|Any CPU = Debug|Any CPU
		Release|Any CPU = Release|Any CPU
	EndGlobalSection
	GlobalSection(ProjectConfigurationPlatforms) = postSolution
		{31396851-84D2-499F-8D8B-FC1AF621F08F}.Debug|Any CPU.ActiveCfg = Debug|Any CPU
		{31396851-84D2-499F-8D8B-FC1AF621F08F}.Debug|Any CPU.Build.0 = Debug|Any CPU
		{31396851-84D2-499F-8D8B-FC1AF621F08F}.Release|Any CPU.ActiveCfg = Release|Any CPU
		{31396851-84D2-499F-8D8B-FC1AF621F08F}.Release|Any CPU.Build.0 = Release|Any CPU
		{4635489B-FCBF-45C6-8747-DD883B4A5F95}.Debug|Any CPU.ActiveCfg = Debug|Any CPU
		{4635489B-FCBF-45C6-8747-DD883B4A5F95}.Debug|Any CPU.Build.0 = Debug|Any CPU
		{4635489B-FCBF-45C6-8747-DD883B4A5F95}.Release|Any CPU.ActiveCfg = Release|Any CPU
		{4635489B-FCBF-45C6-8747-DD883B4A5F95}.Release|Any CPU.Build.0 = Release|Any CPU
		{12C60FFF-61B8-4008-9D2B-8D6034A17154}.Debug|Any CPU.ActiveCfg = Debug|Any CPU
		{12C60FFF-61B8-4008-9D2B-8D6034A17154}.Debug|Any CPU.Build.0 = Debug|Any CPU
		{12C60FFF-61B8-4008-9D2B-8D6034A17154}.Release|Any CPU.ActiveCfg = Release|Any CPU
		{12C60FFF-61B8-4008-9D2B-8D6034A17154}.Release|Any CPU.Build.0 = Release|Any CPU
		{2EC2BD05-F995-422C-9513-936CB2581875}.Debug|Any CPU.ActiveCfg = Debug|Any CPU
		{2EC2BD05-F995-422C-9513-936CB2581875}.Debug|Any CPU.Build.0 = Debug|Any CPU
		{2EC2BD05-F995-422C-9513-936CB2581875}.Release|Any CPU.ActiveCfg = Release|Any CPU
		{2EC2BD05-F995-422C-9513-936CB2581875}.Release|Any CPU.Build.0 = Release|Any CPU
		{CA154B7C-1D61-4475-A806-2FC0011290D9}.Debug|Any CPU.ActiveCfg = Debug|Any CPU
		{CA154B7C-1D61-4475-A806-2FC0011290D9}.Debug|Any CPU.Build.0 = Debug|Any CPU
		{CA154B7C-1D61-4475-A806-2FC0011290D9}.Release|Any CPU.ActiveCfg = Release|Any CPU
		{CA154B7C-1D61-4475-A806-2FC0011290D9}.Release|Any CPU.Build.0 = Release|Any CPU
		{AA1CADBB-9ED1-4408-8CBF-028B25136877}.Debug|Any CPU.ActiveCfg = Debug|Any CPU
		{AA1CADBB-9ED1-4408-8CBF-028B25136877}.Debug|Any CPU.Build.0 = Debug|Any CPU
		{AA1CADBB-9ED1-4408-8CBF-028B25136877}.Release|Any CPU.ActiveCfg = Release|Any CPU
		{AA1CADBB-9ED1-4408-8CBF-028B25136877}.Release|Any CPU.Build.0 = Release|Any CPU
		{2A2F18D8-892B-4499-9E47-A92214B51EDA}.Debug|Any CPU.ActiveCfg = Debug|Any CPU
		{2A2F18D8-892B-4499-9E47-A92214B51EDA}.Debug|Any CPU.Build.0 = Debug|Any CPU
		{2A2F18D8-892B-4499-9E47-A92214B51EDA}.Release|Any CPU.ActiveCfg = Release|Any CPU
		{2A2F18D8-892B-4499-9E47-A92214B51EDA}.Release|Any CPU.Build.0 = Release|Any CPU
		{05480E4C-81A3-4458-910B-57AC04647459}.Debug|Any CPU.ActiveCfg = Debug|Any CPU
		{05480E4C-81A3-4458-910B-57AC04647459}.Debug|Any CPU.Build.0 = Debug|Any CPU
		{05480E4C-81A3-4458-910B-57AC04647459}.Release|Any CPU.ActiveCfg = Release|Any CPU
		{05480E4C-81A3-4458-910B-57AC04647459}.Release|Any CPU.Build.0 = Release|Any CPU
		{8AD7D3B9-17C9-42E9-8E0F-7272410AF40D}.Debug|Any CPU.ActiveCfg = Debug|Any CPU
		{8AD7D3B9-17C9-42E9-8E0F-7272410AF40D}.Debug|Any CPU.Build.0 = Debug|Any CPU
		{8AD7D3B9-17C9-42E9-8E0F-7272410AF40D}.Release|Any CPU.ActiveCfg = Release|Any CPU
		{8AD7D3B9-17C9-42E9-8E0F-7272410AF40D}.Release|Any CPU.Build.0 = Release|Any CPU
		{6E6AA55E-B0B1-471E-80B5-0A583A445478}.Debug|Any CPU.ActiveCfg = Debug|Any CPU
		{6E6AA55E-B0B1-471E-80B5-0A583A445478}.Debug|Any CPU.Build.0 = Debug|Any CPU
		{6E6AA55E-B0B1-471E-80B5-0A583A445478}.Release|Any CPU.ActiveCfg = Release|Any CPU
		{6E6AA55E-B0B1-471E-80B5-0A583A445478}.Release|Any CPU.Build.0 = Release|Any CPU
	EndGlobalSection
	GlobalSection(NestedProjects) = preSolution
		{31396851-84D2-499F-8D8B-FC1AF621F08F} = {3D513D51-48AF-46AA-91B1-208590AE84BD}
		{4635489B-FCBF-45C6-8747-DD883B4A5F95} = {3D513D51-48AF-46AA-91B1-208590AE84BD}
		{12C60FFF-61B8-4008-9D2B-8D6034A17154} = {3D513D51-48AF-46AA-91B1-208590AE84BD}
		{CA154B7C-1D61-4475-A806-2FC0011290D9} = {30786DDB-B6B5-4FE0-B2B7-E704C99A71FD}
		{AA1CADBB-9ED1-4408-8CBF-028B25136877} = {30786DDB-B6B5-4FE0-B2B7-E704C99A71FD}
		{2A2F18D8-892B-4499-9E47-A92214B51EDA} = {30786DDB-B6B5-4FE0-B2B7-E704C99A71FD}
		{05480E4C-81A3-4458-910B-57AC04647459} = {30786DDB-B6B5-4FE0-B2B7-E704C99A71FD}
	EndGlobalSection
EndGlobal
